
Microsoft Visual Studio Solution File, Format Version 12.00
# Visual Studio Version 16
VisualStudioVersion = 16.0.29209.62
MinimumVisualStudioVersion = 10.0.40219.1
Project("{9A19103F-16F7-4668-BE54-9A1E7A4F7556}") = "TabelaFIPE", "TabelaFIPE\TabelaFIPE.csproj", "{7EC65DC4-66C5-45E8-BB3B-74D368D33FCF}"
EndProject
Project("{2150E333-8FDC-42A3-9474-1A3956D46DE8}") = "1-Web", "1-Web", "{CE475A02-E6DA-4490-84BB-6569280C5D2E}"
EndProject
Project("{2150E333-8FDC-42A3-9474-1A3956D46DE8}") = "2-Application", "2-Application", "{A9771F1D-8D36-4E3A-9D14-A7B3BC15B5A1}"
EndProject
Project("{2150E333-8FDC-42A3-9474-1A3956D46DE8}") = "3-Domain", "3-Domain", "{83E1FB73-97D7-4BA4-B781-9199C056BA47}"
EndProject
Project("{2150E333-8FDC-42A3-9474-1A3956D46DE8}") = "4-Infra", "4-Infra", "{DD336906-583E-4814-B81D-0315017FA124}"
EndProject
Project("{9A19103F-16F7-4668-BE54-9A1E7A4F7556}") = "TabelaFIPE.Application", "TabelaFIPE.Application\TabelaFIPE.Application.csproj", "{32F1D501-1436-4A5A-90E9-5A6764DA848F}"
EndProject
Project("{9A19103F-16F7-4668-BE54-9A1E7A4F7556}") = "TabelaFIPE.Domain", "TabelaFIPE.Domain\TabelaFIPE.Domain.csproj", "{F3D57595-5917-4B47-8B16-9D19A54D2B0B}"
EndProject
Project("{9A19103F-16F7-4668-BE54-9A1E7A4F7556}") = "TabelaFIPE.Data", "TabelaFIPE.Data\TabelaFIPE.Data.csproj", "{262D7F6A-CF24-4617-95BD-F7EF08A161D2}"
EndProject
Project("{9A19103F-16F7-4668-BE54-9A1E7A4F7556}") = "TabelaFIPE.Swagger", "TabelaFIPE.Swagger\TabelaFIPE.Swagger.csproj", "{AE6B26CA-C778-4E2E-888A-E4D99C81AC8D}"
EndProject
Project("{2150E333-8FDC-42A3-9474-1A3956D46DE8}") = "5-Test", "5-Test", "{EEBA35A7-F3FB-47DF-8905-42089927BFF5}"
EndProject
Project("{FAE04EC0-301F-11D3-BF4B-00C04F79EFBC}") = "Fipe.Test", "Fipe.Test\Fipe.Test.csproj", "{E3894265-718E-4694-9F7F-A67A4498985A}"
EndProject
Global
	GlobalSection(SolutionConfigurationPlatforms) = preSolution
		Debug|Any CPU = Debug|Any CPU
		Release|Any CPU = Release|Any CPU
	EndGlobalSection
	GlobalSection(ProjectConfigurationPlatforms) = postSolution
		{7EC65DC4-66C5-45E8-BB3B-74D368D33FCF}.Debug|Any CPU.ActiveCfg = Debug|Any CPU
		{7EC65DC4-66C5-45E8-BB3B-74D368D33FCF}.Debug|Any CPU.Build.0 = Debug|Any CPU
		{7EC65DC4-66C5-45E8-BB3B-74D368D33FCF}.Release|Any CPU.ActiveCfg = Release|Any CPU
		{7EC65DC4-66C5-45E8-BB3B-74D368D33FCF}.Release|Any CPU.Build.0 = Release|Any CPU
		{32F1D501-1436-4A5A-90E9-5A6764DA848F}.Debug|Any CPU.ActiveCfg = Debug|Any CPU
		{32F1D501-1436-4A5A-90E9-5A6764DA848F}.Debug|Any CPU.Build.0 = Debug|Any CPU
		{32F1D501-1436-4A5A-90E9-5A6764DA848F}.Release|Any CPU.ActiveCfg = Release|Any CPU
		{32F1D501-1436-4A5A-90E9-5A6764DA848F}.Release|Any CPU.Build.0 = Release|Any CPU
		{F3D57595-5917-4B47-8B16-9D19A54D2B0B}.Debug|Any CPU.ActiveCfg = Debug|Any CPU
		{F3D57595-5917-4B47-8B16-9D19A54D2B0B}.Debug|Any CPU.Build.0 = Debug|Any CPU
		{F3D57595-5917-4B47-8B16-9D19A54D2B0B}.Release|Any CPU.ActiveCfg = Release|Any CPU
		{F3D57595-5917-4B47-8B16-9D19A54D2B0B}.Release|Any CPU.Build.0 = Release|Any CPU
		{262D7F6A-CF24-4617-95BD-F7EF08A161D2}.Debug|Any CPU.ActiveCfg = Debug|Any CPU
		{262D7F6A-CF24-4617-95BD-F7EF08A161D2}.Debug|Any CPU.Build.0 = Debug|Any CPU
		{262D7F6A-CF24-4617-95BD-F7EF08A161D2}.Release|Any CPU.ActiveCfg = Release|Any CPU
		{262D7F6A-CF24-4617-95BD-F7EF08A161D2}.Release|Any CPU.Build.0 = Release|Any CPU
		{AE6B26CA-C778-4E2E-888A-E4D99C81AC8D}.Debug|Any CPU.ActiveCfg = Debug|Any CPU
		{AE6B26CA-C778-4E2E-888A-E4D99C81AC8D}.Debug|Any CPU.Build.0 = Debug|Any CPU
		{AE6B26CA-C778-4E2E-888A-E4D99C81AC8D}.Release|Any CPU.ActiveCfg = Release|Any CPU
		{AE6B26CA-C778-4E2E-888A-E4D99C81AC8D}.Release|Any CPU.Build.0 = Release|Any CPU
		{E3894265-718E-4694-9F7F-A67A4498985A}.Debug|Any CPU.ActiveCfg = Debug|Any CPU
		{E3894265-718E-4694-9F7F-A67A4498985A}.Debug|Any CPU.Build.0 = Debug|Any CPU
		{E3894265-718E-4694-9F7F-A67A4498985A}.Release|Any CPU.ActiveCfg = Release|Any CPU
		{E3894265-718E-4694-9F7F-A67A4498985A}.Release|Any CPU.Build.0 = Release|Any CPU
	EndGlobalSection
	GlobalSection(SolutionProperties) = preSolution
		HideSolutionNode = FALSE
	EndGlobalSection
	GlobalSection(NestedProjects) = preSolution
		{7EC65DC4-66C5-45E8-BB3B-74D368D33FCF} = {CE475A02-E6DA-4490-84BB-6569280C5D2E}
		{32F1D501-1436-4A5A-90E9-5A6764DA848F} = {A9771F1D-8D36-4E3A-9D14-A7B3BC15B5A1}
		{F3D57595-5917-4B47-8B16-9D19A54D2B0B} = {83E1FB73-97D7-4BA4-B781-9199C056BA47}
		{262D7F6A-CF24-4617-95BD-F7EF08A161D2} = {DD336906-583E-4814-B81D-0315017FA124}
		{AE6B26CA-C778-4E2E-888A-E4D99C81AC8D} = {DD336906-583E-4814-B81D-0315017FA124}
		{E3894265-718E-4694-9F7F-A67A4498985A} = {EEBA35A7-F3FB-47DF-8905-42089927BFF5}
	EndGlobalSection
	GlobalSection(ExtensibilityGlobals) = postSolution
		SolutionGuid = {B6EDCB3F-76F3-4B10-9BA9-ED9F4A3A7D18}
	EndGlobalSection
EndGlobal
